
Microsoft Visual Studio Solution File, Format Version 12.00
# Visual Studio Version 17
VisualStudioVersion = 17.0.32014.148
MinimumVisualStudioVersion = 10.0.40219.1
Project("{FAE04EC0-301F-11D3-BF4B-00C04F79EFBC}") = "Aula80_Exercicio_Resolvido", "Aula80_Exercicio_Resolvido\Aula80_Exercicio_Resolvido.csproj", "{193A4C14-7EDC-43CC-866A-5FD33C08752D}"
EndProject
Global
	GlobalSection(SolutionConfigurationPlatforms) = preSolution
		Debug|Any CPU = Debug|Any CPU
		Release|Any CPU = Release|Any CPU
	EndGlobalSection
	GlobalSection(ProjectConfigurationPlatforms) = postSolution
		{193A4C14-7EDC-43CC-866A-5FD33C08752D}.Debug|Any CPU.ActiveCfg = Debug|Any CPU
		{193A4C14-7EDC-43CC-866A-5FD33C08752D}.Debug|Any CPU.Build.0 = Debug|Any CPU
		{193A4C14-7EDC-43CC-866A-5FD33C08752D}.Release|Any CPU.ActiveCfg = Release|Any CPU
		{193A4C14-7EDC-43CC-866A-5FD33C08752D}.Release|Any CPU.Build.0 = Release|Any CPU
	EndGlobalSection
	GlobalSection(SolutionProperties) = preSolution
		HideSolutionNode = FALSE
	EndGlobalSection
	GlobalSection(ExtensibilityGlobals) = postSolution
		SolutionGuid = {73865D87-F149-4AC5-90C7-F961EF4FE062}
	EndGlobalSection
EndGlobal
