
Microsoft Visual Studio Solution File, Format Version 12.00
# Visual Studio Version 17
VisualStudioVersion = 17.0.32014.148
MinimumVisualStudioVersion = 10.0.40219.1
Project("{FAE04EC0-301F-11D3-BF4B-00C04F79EFBC}") = "Aula30_Funcoes", "Aula30_Funcoes\Aula30_Funcoes.csproj", "{4EC6F5F3-4C31-4371-AE81-FE8CBC1A693F}"
EndProject
Global
	GlobalSection(SolutionConfigurationPlatforms) = preSolution
		Debug|Any CPU = Debug|Any CPU
		Release|Any CPU = Release|Any CPU
	EndGlobalSection
	GlobalSection(ProjectConfigurationPlatforms) = postSolution
		{4EC6F5F3-4C31-4371-AE81-FE8CBC1A693F}.Debug|Any CPU.ActiveCfg = Debug|Any CPU
		{4EC6F5F3-4C31-4371-AE81-FE8CBC1A693F}.Debug|Any CPU.Build.0 = Debug|Any CPU
		{4EC6F5F3-4C31-4371-AE81-FE8CBC1A693F}.Release|Any CPU.ActiveCfg = Release|Any CPU
		{4EC6F5F3-4C31-4371-AE81-FE8CBC1A693F}.Release|Any CPU.Build.0 = Release|Any CPU
	EndGlobalSection
	GlobalSection(SolutionProperties) = preSolution
		HideSolutionNode = FALSE
	EndGlobalSection
	GlobalSection(ExtensibilityGlobals) = postSolution
		SolutionGuid = {68A63786-CE84-494B-AAFF-2931116AD08A}
	EndGlobalSection
EndGlobal
