
Microsoft Visual Studio Solution File, Format Version 12.00
# Visual Studio Version 17
VisualStudioVersion = 17.0.32014.148
MinimumVisualStudioVersion = 10.0.40219.1
Project("{FAE04EC0-301F-11D3-BF4B-00C04F79EFBC}") = "Aula86_Switch_Case", "Aula86_Switch_Case\Aula86_Switch_Case.csproj", "{EA1BCBCA-4A94-4F1E-AF2D-EF64A5B95653}"
EndProject
Global
	GlobalSection(SolutionConfigurationPlatforms) = preSolution
		Debug|Any CPU = Debug|Any CPU
		Release|Any CPU = Release|Any CPU
	EndGlobalSection
	GlobalSection(ProjectConfigurationPlatforms) = postSolution
		{EA1BCBCA-4A94-4F1E-AF2D-EF64A5B95653}.Debug|Any CPU.ActiveCfg = Debug|Any CPU
		{EA1BCBCA-4A94-4F1E-AF2D-EF64A5B95653}.Debug|Any CPU.Build.0 = Debug|Any CPU
		{EA1BCBCA-4A94-4F1E-AF2D-EF64A5B95653}.Release|Any CPU.ActiveCfg = Release|Any CPU
		{EA1BCBCA-4A94-4F1E-AF2D-EF64A5B95653}.Release|Any CPU.Build.0 = Release|Any CPU
	EndGlobalSection
	GlobalSection(SolutionProperties) = preSolution
		HideSolutionNode = FALSE
	EndGlobalSection
	GlobalSection(ExtensibilityGlobals) = postSolution
		SolutionGuid = {61638EC8-7338-472B-9914-6D76DA6F471C}
	EndGlobalSection
EndGlobal
