
Microsoft Visual Studio Solution File, Format Version 12.00
# Visual Studio Version 17
VisualStudioVersion = 17.0.32014.148
MinimumVisualStudioVersion = 10.0.40219.1
Project("{FAE04EC0-301F-11D3-BF4B-00C04F79EFBC}") = "Exercicio3", "Exercicio3\Exercicio3.csproj", "{33D718B6-4B48-4195-B49B-D792EC76082B}"
EndProject
Global
	GlobalSection(SolutionConfigurationPlatforms) = preSolution
		Debug|Any CPU = Debug|Any CPU
		Release|Any CPU = Release|Any CPU
	EndGlobalSection
	GlobalSection(ProjectConfigurationPlatforms) = postSolution
		{33D718B6-4B48-4195-B49B-D792EC76082B}.Debug|Any CPU.ActiveCfg = Debug|Any CPU
		{33D718B6-4B48-4195-B49B-D792EC76082B}.Debug|Any CPU.Build.0 = Debug|Any CPU
		{33D718B6-4B48-4195-B49B-D792EC76082B}.Release|Any CPU.ActiveCfg = Release|Any CPU
		{33D718B6-4B48-4195-B49B-D792EC76082B}.Release|Any CPU.Build.0 = Release|Any CPU
	EndGlobalSection
	GlobalSection(SolutionProperties) = preSolution
		HideSolutionNode = FALSE
	EndGlobalSection
	GlobalSection(ExtensibilityGlobals) = postSolution
		SolutionGuid = {DB1575E7-3E7C-4945-A722-F8AFE3A52D8C}
	EndGlobalSection
EndGlobal
