
Microsoft Visual Studio Solution File, Format Version 12.00
# Visual Studio Version 17
VisualStudioVersion = 17.0.32014.148
MinimumVisualStudioVersion = 10.0.40219.1
Project("{FAE04EC0-301F-11D3-BF4B-00C04F79EFBC}") = "Exercicio3", "Exercicio3\Exercicio3.csproj", "{DD95C3FA-5113-4FAF-A17C-B67749B35D53}"
EndProject
Global
	GlobalSection(SolutionConfigurationPlatforms) = preSolution
		Debug|Any CPU = Debug|Any CPU
		Release|Any CPU = Release|Any CPU
	EndGlobalSection
	GlobalSection(ProjectConfigurationPlatforms) = postSolution
		{DD95C3FA-5113-4FAF-A17C-B67749B35D53}.Debug|Any CPU.ActiveCfg = Debug|Any CPU
		{DD95C3FA-5113-4FAF-A17C-B67749B35D53}.Debug|Any CPU.Build.0 = Debug|Any CPU
		{DD95C3FA-5113-4FAF-A17C-B67749B35D53}.Release|Any CPU.ActiveCfg = Release|Any CPU
		{DD95C3FA-5113-4FAF-A17C-B67749B35D53}.Release|Any CPU.Build.0 = Release|Any CPU
	EndGlobalSection
	GlobalSection(SolutionProperties) = preSolution
		HideSolutionNode = FALSE
	EndGlobalSection
	GlobalSection(ExtensibilityGlobals) = postSolution
		SolutionGuid = {DAF33D18-4E6A-4160-923B-9D07D5B26D84}
	EndGlobalSection
EndGlobal
