
Microsoft Visual Studio Solution File, Format Version 12.00
# Visual Studio Version 17
VisualStudioVersion = 17.0.32014.148
MinimumVisualStudioVersion = 10.0.40219.1
Project("{FAE04EC0-301F-11D3-BF4B-00C04F79EFBC}") = "Aula67_Garbage_Collector", "Aula67_Garbage_Collector\Aula67_Garbage_Collector.csproj", "{1A1672C4-0E55-4A5A-859A-626F071897C9}"
EndProject
Global
	GlobalSection(SolutionConfigurationPlatforms) = preSolution
		Debug|Any CPU = Debug|Any CPU
		Release|Any CPU = Release|Any CPU
	EndGlobalSection
	GlobalSection(ProjectConfigurationPlatforms) = postSolution
		{1A1672C4-0E55-4A5A-859A-626F071897C9}.Debug|Any CPU.ActiveCfg = Debug|Any CPU
		{1A1672C4-0E55-4A5A-859A-626F071897C9}.Debug|Any CPU.Build.0 = Debug|Any CPU
		{1A1672C4-0E55-4A5A-859A-626F071897C9}.Release|Any CPU.ActiveCfg = Release|Any CPU
		{1A1672C4-0E55-4A5A-859A-626F071897C9}.Release|Any CPU.Build.0 = Release|Any CPU
	EndGlobalSection
	GlobalSection(SolutionProperties) = preSolution
		HideSolutionNode = FALSE
	EndGlobalSection
	GlobalSection(ExtensibilityGlobals) = postSolution
		SolutionGuid = {B1BD284B-E516-4A1E-A3BB-C2341FBCEE6F}
	EndGlobalSection
EndGlobal
