
Microsoft Visual Studio Solution File, Format Version 12.00
# Visual Studio Version 17
VisualStudioVersion = 17.0.31919.166
MinimumVisualStudioVersion = 10.0.40219.1
Project("{FAE04EC0-301F-11D3-BF4B-00C04F79EFBC}") = "Exercicio3", "Exercicio3\Exercicio3.csproj", "{880CE77F-AEE0-4307-83E6-5900DA18FAFF}"
EndProject
Global
	GlobalSection(SolutionConfigurationPlatforms) = preSolution
		Debug|Any CPU = Debug|Any CPU
		Release|Any CPU = Release|Any CPU
	EndGlobalSection
	GlobalSection(ProjectConfigurationPlatforms) = postSolution
		{880CE77F-AEE0-4307-83E6-5900DA18FAFF}.Debug|Any CPU.ActiveCfg = Debug|Any CPU
		{880CE77F-AEE0-4307-83E6-5900DA18FAFF}.Debug|Any CPU.Build.0 = Debug|Any CPU
		{880CE77F-AEE0-4307-83E6-5900DA18FAFF}.Release|Any CPU.ActiveCfg = Release|Any CPU
		{880CE77F-AEE0-4307-83E6-5900DA18FAFF}.Release|Any CPU.Build.0 = Release|Any CPU
	EndGlobalSection
	GlobalSection(SolutionProperties) = preSolution
		HideSolutionNode = FALSE
	EndGlobalSection
	GlobalSection(ExtensibilityGlobals) = postSolution
		SolutionGuid = {29BC3E49-6E47-4E81-BE8C-30254BF76680}
	EndGlobalSection
EndGlobal
