
Microsoft Visual Studio Solution File, Format Version 12.00
# Visual Studio Version 17
VisualStudioVersion = 17.0.32014.148
MinimumVisualStudioVersion = 10.0.40219.1
Project("{FAE04EC0-301F-11D3-BF4B-00C04F79EFBC}") = "Exercicio1", "Exercicio1\Exercicio1.csproj", "{F8C6BA65-BA3E-4A64-A69A-12F8094964F3}"
EndProject
Global
	GlobalSection(SolutionConfigurationPlatforms) = preSolution
		Debug|Any CPU = Debug|Any CPU
		Release|Any CPU = Release|Any CPU
	EndGlobalSection
	GlobalSection(ProjectConfigurationPlatforms) = postSolution
		{F8C6BA65-BA3E-4A64-A69A-12F8094964F3}.Debug|Any CPU.ActiveCfg = Debug|Any CPU
		{F8C6BA65-BA3E-4A64-A69A-12F8094964F3}.Debug|Any CPU.Build.0 = Debug|Any CPU
		{F8C6BA65-BA3E-4A64-A69A-12F8094964F3}.Release|Any CPU.ActiveCfg = Release|Any CPU
		{F8C6BA65-BA3E-4A64-A69A-12F8094964F3}.Release|Any CPU.Build.0 = Release|Any CPU
	EndGlobalSection
	GlobalSection(SolutionProperties) = preSolution
		HideSolutionNode = FALSE
	EndGlobalSection
	GlobalSection(ExtensibilityGlobals) = postSolution
		SolutionGuid = {C9EADC3F-B0CC-4EC1-BD8F-3659D8D5A41D}
	EndGlobalSection
EndGlobal
