
Microsoft Visual Studio Solution File, Format Version 12.00
# Visual Studio Version 17
VisualStudioVersion = 17.0.32014.148
MinimumVisualStudioVersion = 10.0.40219.1
Project("{FAE04EC0-301F-11D3-BF4B-00C04F79EFBC}") = "Exercicio5", "Exercicio5\Exercicio5.csproj", "{FF2C1A47-D4A8-48E7-A23C-8ACC5A1BE9F2}"
EndProject
Global
	GlobalSection(SolutionConfigurationPlatforms) = preSolution
		Debug|Any CPU = Debug|Any CPU
		Release|Any CPU = Release|Any CPU
	EndGlobalSection
	GlobalSection(ProjectConfigurationPlatforms) = postSolution
		{FF2C1A47-D4A8-48E7-A23C-8ACC5A1BE9F2}.Debug|Any CPU.ActiveCfg = Debug|Any CPU
		{FF2C1A47-D4A8-48E7-A23C-8ACC5A1BE9F2}.Debug|Any CPU.Build.0 = Debug|Any CPU
		{FF2C1A47-D4A8-48E7-A23C-8ACC5A1BE9F2}.Release|Any CPU.ActiveCfg = Release|Any CPU
		{FF2C1A47-D4A8-48E7-A23C-8ACC5A1BE9F2}.Release|Any CPU.Build.0 = Release|Any CPU
	EndGlobalSection
	GlobalSection(SolutionProperties) = preSolution
		HideSolutionNode = FALSE
	EndGlobalSection
	GlobalSection(ExtensibilityGlobals) = postSolution
		SolutionGuid = {E1B3C1A8-B634-4EE4-9992-E0ACE5FD33BF}
	EndGlobalSection
EndGlobal
