
Microsoft Visual Studio Solution File, Format Version 12.00
# Visual Studio Version 17
VisualStudioVersion = 17.0.32014.148
MinimumVisualStudioVersion = 10.0.40219.1
Project("{FAE04EC0-301F-11D3-BF4B-00C04F79EFBC}") = "Aula88_Funcoes_String", "Aula88_Funcoes_String\Aula88_Funcoes_String.csproj", "{618B9A99-0C63-49B5-BFCA-8FFEF34F9992}"
EndProject
Global
	GlobalSection(SolutionConfigurationPlatforms) = preSolution
		Debug|Any CPU = Debug|Any CPU
		Release|Any CPU = Release|Any CPU
	EndGlobalSection
	GlobalSection(ProjectConfigurationPlatforms) = postSolution
		{618B9A99-0C63-49B5-BFCA-8FFEF34F9992}.Debug|Any CPU.ActiveCfg = Debug|Any CPU
		{618B9A99-0C63-49B5-BFCA-8FFEF34F9992}.Debug|Any CPU.Build.0 = Debug|Any CPU
		{618B9A99-0C63-49B5-BFCA-8FFEF34F9992}.Release|Any CPU.ActiveCfg = Release|Any CPU
		{618B9A99-0C63-49B5-BFCA-8FFEF34F9992}.Release|Any CPU.Build.0 = Release|Any CPU
	EndGlobalSection
	GlobalSection(SolutionProperties) = preSolution
		HideSolutionNode = FALSE
	EndGlobalSection
	GlobalSection(ExtensibilityGlobals) = postSolution
		SolutionGuid = {5B81375F-56BC-4A9C-AD0B-FF8D4B6BB502}
	EndGlobalSection
EndGlobal
