
Microsoft Visual Studio Solution File, Format Version 12.00
# Visual Studio Version 17
VisualStudioVersion = 17.0.32014.148
MinimumVisualStudioVersion = 10.0.40219.1
Project("{FAE04EC0-301F-11D3-BF4B-00C04F79EFBC}") = "Aula79_Matrizes", "Aula79_Matrizes\Aula79_Matrizes.csproj", "{DF4619A2-70D6-4C40-8CE3-50215C85941F}"
EndProject
Global
	GlobalSection(SolutionConfigurationPlatforms) = preSolution
		Debug|Any CPU = Debug|Any CPU
		Release|Any CPU = Release|Any CPU
	EndGlobalSection
	GlobalSection(ProjectConfigurationPlatforms) = postSolution
		{DF4619A2-70D6-4C40-8CE3-50215C85941F}.Debug|Any CPU.ActiveCfg = Debug|Any CPU
		{DF4619A2-70D6-4C40-8CE3-50215C85941F}.Debug|Any CPU.Build.0 = Debug|Any CPU
		{DF4619A2-70D6-4C40-8CE3-50215C85941F}.Release|Any CPU.ActiveCfg = Release|Any CPU
		{DF4619A2-70D6-4C40-8CE3-50215C85941F}.Release|Any CPU.Build.0 = Release|Any CPU
	EndGlobalSection
	GlobalSection(SolutionProperties) = preSolution
		HideSolutionNode = FALSE
	EndGlobalSection
	GlobalSection(ExtensibilityGlobals) = postSolution
		SolutionGuid = {BCA8B5B6-8CF6-4B0E-AFD4-88273B957578}
	EndGlobalSection
EndGlobal
