
Microsoft Visual Studio Solution File, Format Version 12.00
# Visual Studio Version 17
VisualStudioVersion = 17.0.32014.148
MinimumVisualStudioVersion = 10.0.40219.1
Project("{FAE04EC0-301F-11D3-BF4B-00C04F79EFBC}") = "Aula39_Criando_uma_classe_com_tres_atributos", "Aula39_Criando_uma_classe_com_tres_atributos\Aula39_Criando_uma_classe_com_tres_atributos.csproj", "{74AE33F3-6BAF-4FB0-BBA7-CD9775A4F0A5}"
EndProject
Global
	GlobalSection(SolutionConfigurationPlatforms) = preSolution
		Debug|Any CPU = Debug|Any CPU
		Release|Any CPU = Release|Any CPU
	EndGlobalSection
	GlobalSection(ProjectConfigurationPlatforms) = postSolution
		{74AE33F3-6BAF-4FB0-BBA7-CD9775A4F0A5}.Debug|Any CPU.ActiveCfg = Debug|Any CPU
		{74AE33F3-6BAF-4FB0-BBA7-CD9775A4F0A5}.Debug|Any CPU.Build.0 = Debug|Any CPU
		{74AE33F3-6BAF-4FB0-BBA7-CD9775A4F0A5}.Release|Any CPU.ActiveCfg = Release|Any CPU
		{74AE33F3-6BAF-4FB0-BBA7-CD9775A4F0A5}.Release|Any CPU.Build.0 = Release|Any CPU
	EndGlobalSection
	GlobalSection(SolutionProperties) = preSolution
		HideSolutionNode = FALSE
	EndGlobalSection
	GlobalSection(ExtensibilityGlobals) = postSolution
		SolutionGuid = {C63984CF-7605-4C54-82E4-D4CD8E1A0295}
	EndGlobalSection
EndGlobal
