
Microsoft Visual Studio Solution File, Format Version 12.00
# Visual Studio Version 17
VisualStudioVersion = 17.0.32014.148
MinimumVisualStudioVersion = 10.0.40219.1
Project("{FAE04EC0-301F-11D3-BF4B-00C04F79EFBC}") = "Aula52_Sobrecarga", "Aula52_Sobrecarga\Aula52_Sobrecarga.csproj", "{8385B15B-9390-4558-BD7D-8E6B85C67543}"
EndProject
Global
	GlobalSection(SolutionConfigurationPlatforms) = preSolution
		Debug|Any CPU = Debug|Any CPU
		Release|Any CPU = Release|Any CPU
	EndGlobalSection
	GlobalSection(ProjectConfigurationPlatforms) = postSolution
		{8385B15B-9390-4558-BD7D-8E6B85C67543}.Debug|Any CPU.ActiveCfg = Debug|Any CPU
		{8385B15B-9390-4558-BD7D-8E6B85C67543}.Debug|Any CPU.Build.0 = Debug|Any CPU
		{8385B15B-9390-4558-BD7D-8E6B85C67543}.Release|Any CPU.ActiveCfg = Release|Any CPU
		{8385B15B-9390-4558-BD7D-8E6B85C67543}.Release|Any CPU.Build.0 = Release|Any CPU
	EndGlobalSection
	GlobalSection(SolutionProperties) = preSolution
		HideSolutionNode = FALSE
	EndGlobalSection
	GlobalSection(ExtensibilityGlobals) = postSolution
		SolutionGuid = {2B20AA1B-62AB-48F7-B9D0-F76074083AFB}
	EndGlobalSection
EndGlobal
