
Microsoft Visual Studio Solution File, Format Version 12.00
# Visual Studio Version 17
VisualStudioVersion = 17.0.31919.166
MinimumVisualStudioVersion = 10.0.40219.1
Project("{FAE04EC0-301F-11D3-BF4B-00C04F79EFBC}") = "Aula20_ConvercaoImplicitaECasting", "Aula20_ConvercaoImplicitaECasting\Aula20_ConvercaoImplicitaECasting.csproj", "{53D62795-D33F-49DB-9E91-72D00B348167}"
EndProject
Global
	GlobalSection(SolutionConfigurationPlatforms) = preSolution
		Debug|Any CPU = Debug|Any CPU
		Release|Any CPU = Release|Any CPU
	EndGlobalSection
	GlobalSection(ProjectConfigurationPlatforms) = postSolution
		{53D62795-D33F-49DB-9E91-72D00B348167}.Debug|Any CPU.ActiveCfg = Debug|Any CPU
		{53D62795-D33F-49DB-9E91-72D00B348167}.Debug|Any CPU.Build.0 = Debug|Any CPU
		{53D62795-D33F-49DB-9E91-72D00B348167}.Release|Any CPU.ActiveCfg = Release|Any CPU
		{53D62795-D33F-49DB-9E91-72D00B348167}.Release|Any CPU.Build.0 = Release|Any CPU
	EndGlobalSection
	GlobalSection(SolutionProperties) = preSolution
		HideSolutionNode = FALSE
	EndGlobalSection
	GlobalSection(ExtensibilityGlobals) = postSolution
		SolutionGuid = {B20E69A2-FB47-4D09-93AB-1F4EF5CF573A}
	EndGlobalSection
EndGlobal
